
Microsoft Visual Studio Solution File, Format Version 12.00
# Visual Studio Version 17
VisualStudioVersion = 17.0.32112.339
MinimumVisualStudioVersion = 10.0.40219.1
Project("{FAE04EC0-301F-11D3-BF4B-00C04F79EFBC}") = "SF.U13", "SF.U13\SF.U13.csproj", "{B1910EAB-BEDF-4881-9071-2791CB341737}"
EndProject
Global
	GlobalSection(SolutionConfigurationPlatforms) = preSolution
		Debug|Any CPU = Debug|Any CPU
		Release|Any CPU = Release|Any CPU
	EndGlobalSection
	GlobalSection(ProjectConfigurationPlatforms) = postSolution
		{B1910EAB-BEDF-4881-9071-2791CB341737}.Debug|Any CPU.ActiveCfg = Debug|Any CPU
		{B1910EAB-BEDF-4881-9071-2791CB341737}.Debug|Any CPU.Build.0 = Debug|Any CPU
		{B1910EAB-BEDF-4881-9071-2791CB341737}.Release|Any CPU.ActiveCfg = Release|Any CPU
		{B1910EAB-BEDF-4881-9071-2791CB341737}.Release|Any CPU.Build.0 = Release|Any CPU
	EndGlobalSection
	GlobalSection(SolutionProperties) = preSolution
		HideSolutionNode = FALSE
	EndGlobalSection
	GlobalSection(ExtensibilityGlobals) = postSolution
		SolutionGuid = {9DB897F0-373E-4D20-BB87-B011D078E3B1}
	EndGlobalSection
EndGlobal
